
Microsoft Visual Studio Solution File, Format Version 12.00
# Visual Studio Version 16
VisualStudioVersion = 16.0.31507.150
MinimumVisualStudioVersion = 10.0.40219.1
Project("{9A19103F-16F7-4668-BE54-9A1E7A4F7556}") = "WebServer", "WebServer\WebServer.csproj", "{34F002A5-B96E-4A51-9698-60C0204EF556}"
EndProject
Global
	GlobalSection(SolutionConfigurationPlatforms) = preSolution
		Debug|Any CPU = Debug|Any CPU
		Release|Any CPU = Release|Any CPU
	EndGlobalSection
	GlobalSection(ProjectConfigurationPlatforms) = postSolution
		{34F002A5-B96E-4A51-9698-60C0204EF556}.Debug|Any CPU.ActiveCfg = Debug|Any CPU
		{34F002A5-B96E-4A51-9698-60C0204EF556}.Debug|Any CPU.Build.0 = Debug|Any CPU
		{34F002A5-B96E-4A51-9698-60C0204EF556}.Release|Any CPU.ActiveCfg = Release|Any CPU
		{34F002A5-B96E-4A51-9698-60C0204EF556}.Release|Any CPU.Build.0 = Release|Any CPU
	EndGlobalSection
	GlobalSection(SolutionProperties) = preSolution
		HideSolutionNode = FALSE
	EndGlobalSection
	GlobalSection(ExtensibilityGlobals) = postSolution
		SolutionGuid = {2A0E3443-3EB3-413A-B317-61A8F8B57C62}
	EndGlobalSection
EndGlobal
